
Microsoft Visual Studio Solution File, Format Version 12.00
# Visual Studio 15
VisualStudioVersion = 15.0.27703.2042
MinimumVisualStudioVersion = 10.0.40219.1
Project("{FAE04EC0-301F-11D3-BF4B-00C04F79EFBC}") = "Bitso", "Bitso\Bitso.csproj", "{49DA30A2-DCE1-4B79-A44E-191A5D6CE059}"
EndProject
Project("{FAE04EC0-301F-11D3-BF4B-00C04F79EFBC}") = "Entidades", "Entidades\Entidades.csproj", "{ACB94934-9300-4C35-905E-3D458FCFA868}"
EndProject
Project("{FAE04EC0-301F-11D3-BF4B-00C04F79EFBC}") = "Datos", "Datos\Datos.csproj", "{EDD32514-3DE6-431B-A1CA-5D343A65E6DD}"
EndProject
Project("{FAE04EC0-301F-11D3-BF4B-00C04F79EFBC}") = "Negocio", "Negocio\Negocio.csproj", "{11351921-D796-44F5-A870-9296B1E3BDA8}"
EndProject
Global
	GlobalSection(SolutionConfigurationPlatforms) = preSolution
		Debug|Any CPU = Debug|Any CPU
		Release|Any CPU = Release|Any CPU
	EndGlobalSection
	GlobalSection(ProjectConfigurationPlatforms) = postSolution
		{49DA30A2-DCE1-4B79-A44E-191A5D6CE059}.Debug|Any CPU.ActiveCfg = Debug|Any CPU
		{49DA30A2-DCE1-4B79-A44E-191A5D6CE059}.Debug|Any CPU.Build.0 = Debug|Any CPU
		{49DA30A2-DCE1-4B79-A44E-191A5D6CE059}.Release|Any CPU.ActiveCfg = Release|Any CPU
		{49DA30A2-DCE1-4B79-A44E-191A5D6CE059}.Release|Any CPU.Build.0 = Release|Any CPU
		{ACB94934-9300-4C35-905E-3D458FCFA868}.Debug|Any CPU.ActiveCfg = Debug|Any CPU
		{ACB94934-9300-4C35-905E-3D458FCFA868}.Debug|Any CPU.Build.0 = Debug|Any CPU
		{ACB94934-9300-4C35-905E-3D458FCFA868}.Release|Any CPU.ActiveCfg = Release|Any CPU
		{ACB94934-9300-4C35-905E-3D458FCFA868}.Release|Any CPU.Build.0 = Release|Any CPU
		{EDD32514-3DE6-431B-A1CA-5D343A65E6DD}.Debug|Any CPU.ActiveCfg = Debug|Any CPU
		{EDD32514-3DE6-431B-A1CA-5D343A65E6DD}.Debug|Any CPU.Build.0 = Debug|Any CPU
		{EDD32514-3DE6-431B-A1CA-5D343A65E6DD}.Release|Any CPU.ActiveCfg = Release|Any CPU
		{EDD32514-3DE6-431B-A1CA-5D343A65E6DD}.Release|Any CPU.Build.0 = Release|Any CPU
		{11351921-D796-44F5-A870-9296B1E3BDA8}.Debug|Any CPU.ActiveCfg = Debug|Any CPU
		{11351921-D796-44F5-A870-9296B1E3BDA8}.Debug|Any CPU.Build.0 = Debug|Any CPU
		{11351921-D796-44F5-A870-9296B1E3BDA8}.Release|Any CPU.ActiveCfg = Release|Any CPU
		{11351921-D796-44F5-A870-9296B1E3BDA8}.Release|Any CPU.Build.0 = Release|Any CPU
	EndGlobalSection
	GlobalSection(SolutionProperties) = preSolution
		HideSolutionNode = FALSE
	EndGlobalSection
	GlobalSection(ExtensibilityGlobals) = postSolution
		SolutionGuid = {F48A2F10-1289-4576-81EF-BAB7432DCB8C}
	EndGlobalSection
EndGlobal
